PODS:
  - Alamofire (5.6.1)
  - Firebase/CoreOnly (9.1.0):
    - FirebaseCore (= 9.1.0)
  - Firebase/Messaging (9.1.0):
    - Firebase/CoreOnly
    - FirebaseMessaging (~> 9.1.0)
  - FirebaseCore (9.1.0):
    - FirebaseCoreDiagnostics (~> 9.0)
    - FirebaseCoreInternal (~> 9.0)
    - GoogleUtilities/Environment (~> 7.7)
    - GoogleUtilities/Logger (~> 7.7)
  - FirebaseCoreDiagnostics (9.1.0):
    - GoogleDataTransport (< 10.0.0, >= 9.1.4)
    - GoogleUtilities/Environment (~> 7.7)
    - GoogleUtilities/Logger (~> 7.7)
    - nanopb (< 2.30910.0, >= 2.30908.0)
  - FirebaseCoreInternal (9.1.0):
    - "GoogleUtilities/NSData+zlib (~> 7.7)"
  - FirebaseInstallations (9.1.0):
    - FirebaseCore (~> 9.0)
    - GoogleUtilities/Environment (~> 7.7)
    - GoogleUtilities/UserDefaults (~> 7.7)
    - PromisesObjC (~> 2.1)
  - FirebaseMessaging (9.1.0):
    - FirebaseCore (~> 9.0)
    - FirebaseInstallations (~> 9.0)
    - GoogleDataTransport (< 10.0.0, >= 9.1.4)
    - GoogleUtilities/AppDelegateSwizzler (~> 7.7)
    - GoogleUtilities/Environment (~> 7.7)
    - GoogleUtilities/Reachability (~> 7.7)
    - GoogleUtilities/UserDefaults (~> 7.7)
    - nanopb (< 2.30910.0, >= 2.30908.0)
  - GoogleDataTransport (9.1.4):
    - GoogleUtilities/Environment (~> 7.7)
    - nanopb (< 2.30910.0, >= 2.30908.0)
    - PromisesObjC (< 3.0, >= 1.2)
  - GoogleUtilities/AppDelegateSwizzler (7.7.0):
    - GoogleUtilities/Environment
    - GoogleUtilities/Logger
    - GoogleUtilities/Network
  - GoogleUtilities/Environment (7.7.0):
    - PromisesObjC (< 3.0, >= 1.2)
  - GoogleUtilities/Logger (7.7.0):
    - GoogleUtilities/Environment
  - GoogleUtilities/Network (7.7.0):
    - GoogleUtilities/Logger
    - "GoogleUtilities/NSData+zlib"
    - GoogleUtilities/Reachability
  - "GoogleUtilities/NSData+zlib (7.7.0)"
  - GoogleUtilities/Reachability (7.7.0):
    - GoogleUtilities/Logger
  - GoogleUtilities/UserDefaults (7.7.0):
    - GoogleUtilities/Logger
  - Kingfisher (7.2.2)
  - lottie-ios (3.3.0)
  - Moya (15.0.0):
    - Moya/Core (= 15.0.0)
  - Moya/Core (15.0.0):
    - Alamofire (~> 5.0)
  - nanopb (2.30909.0):
    - nanopb/decode (= 2.30909.0)
    - nanopb/encode (= 2.30909.0)
  - nanopb/decode (2.30909.0)
  - nanopb/encode (2.30909.0)
  - PromisesObjC (2.1.0)
  - SnapKit (5.0.1)
  - Then (3.0.0)

DEPENDENCIES:
  - Firebase/Messaging
  - Kingfisher (~> 7.0)
  - lottie-ios
  - Moya (~> 15.0)
  - SnapKit (~> 5.0.0)
  - Then

SPEC REPOS:
  trunk:
    - Alamofire
    - Firebase
    - FirebaseCore
    - FirebaseCoreDiagnostics
    - FirebaseCoreInternal
    - FirebaseInstallations
    - FirebaseMessaging
    - GoogleDataTransport
    - GoogleUtilities
    - Kingfisher
    - lottie-ios
    - Moya
    - nanopb
    - PromisesObjC
    - SnapKit
    - Then

SPEC CHECKSUMS:
  Alamofire: 87bd8c952f9a4454320fce00d9cc3de57bcadaf5
  Firebase: 91c243d75573ac6e7c9735ec859b72bffb61347d
  FirebaseCore: b7bfc258e996eada23b3666bd6b9a22ca092acb8
  FirebaseCoreDiagnostics: 2dabba3412b23b524823325739f45e520f67d1e7
  FirebaseCoreInternal: f3c838ae0b41cd840bbf34f90debfede78d352e5
  FirebaseInstallations: a91c74276b544524ce144c8315d8cdbce2dbe30b
  FirebaseMessaging: 0bf5caa621182ccc66ba3be3b15e68d800d98e9f
  GoogleDataTransport: 5fffe35792f8b96ec8d6775f5eccd83c998d5a3b
  GoogleUtilities: e0913149f6b0625b553d70dae12b49fc62914fd1
  Kingfisher: 184d4d1a8c36666e663caf8e08abe87898595c53
  lottie-ios: 6ac74dcc09904798f59b18cb3075c089d76be9ae
  Moya: 138f0573e53411fb3dc17016add0b748dfbd78ee
  nanopb: b552cce312b6c8484180ef47159bc0f65a1f0431
  PromisesObjC: 99b6f43f9e1044bd87a95a60beff28c2c44ddb72
  SnapKit: 97b92857e3df3a0c71833cce143274bf6ef8e5eb
  Then: 844265ae87834bbe1147d91d5d41a404da2ec27d

PODFILE CHECKSUM: 37476d65e933a923f780b0b88ccb447c54cec7b8

COCOAPODS: 1.11.2
